
Microsoft Visual Studio Solution File, Format Version 12.00
# Visual Studio Version 17
VisualStudioVersion = 17.8.34316.72
MinimumVisualStudioVersion = 10.0.40219.1
Project("{2150E333-8FDC-42A3-9474-1A3956D46DE8}") = "Core", "Core", "{FEB46486-9691-48C9-AE2D-E8BE1AA408BF}"
EndProject
Project("{2150E333-8FDC-42A3-9474-1A3956D46DE8}") = "Infrastructure", "Infrastructure", "{38178447-24C8-43C7-B803-D4406B718210}"
EndProject
Project("{2150E333-8FDC-42A3-9474-1A3956D46DE8}") = "Presentation", "Presentation", "{6DF3CC07-7012-4EA3-9CFB-CE11256031C0}"
EndProject
Project("{9A19103F-16F7-4668-BE54-9A1E7A4F7556}") = "HotelFinalAPI.Domain", "Core\HotelFinalAPI.Domain\HotelFinalAPI.Domain.csproj", "{DEA7F4A9-5634-4DED-A73F-8FC4DBEE0DA4}"
EndProject
Project("{9A19103F-16F7-4668-BE54-9A1E7A4F7556}") = "HotelFinalAPI.Application", "Core\HotelFinalAPI.Application\HotelFinalAPI.Application.csproj", "{836ABFCD-5CC8-4588-992B-66188DA83C10}"
EndProject
Project("{9A19103F-16F7-4668-BE54-9A1E7A4F7556}") = "HotelFinalAPI.API", "Presentation\HotelFinalAPI.API\HotelFinalAPI.API.csproj", "{394DED7F-B840-4B1A-972F-A88B90870CA9}"
EndProject
Project("{FAE04EC0-301F-11D3-BF4B-00C04F79EFBC}") = "HotelFinalAPI.Infrastructure", "Infrastructure\HotelFinalAPI.Infrastructure\HotelFinalAPI.Infrastructure.csproj", "{7BE3B30F-B0A9-44A9-A9BA-D1C4A92BD06D}"
EndProject
Project("{FAE04EC0-301F-11D3-BF4B-00C04F79EFBC}") = "HotelFinalAPI.Persistance", "Infrastructure\HotelFinalAPI.Persistance\HotelFinalAPI.Persistance.csproj", "{57082DE6-754B-4D1D-AB27-BFDD5747B1BC}"
EndProject
Global
	GlobalSection(SolutionConfigurationPlatforms) = preSolution
		Debug|Any CPU = Debug|Any CPU
		Release|Any CPU = Release|Any CPU
	EndGlobalSection
	GlobalSection(ProjectConfigurationPlatforms) = postSolution
		{DEA7F4A9-5634-4DED-A73F-8FC4DBEE0DA4}.Debug|Any CPU.ActiveCfg = Debug|Any CPU
		{DEA7F4A9-5634-4DED-A73F-8FC4DBEE0DA4}.Debug|Any CPU.Build.0 = Debug|Any CPU
		{DEA7F4A9-5634-4DED-A73F-8FC4DBEE0DA4}.Release|Any CPU.ActiveCfg = Release|Any CPU
		{DEA7F4A9-5634-4DED-A73F-8FC4DBEE0DA4}.Release|Any CPU.Build.0 = Release|Any CPU
		{836ABFCD-5CC8-4588-992B-66188DA83C10}.Debug|Any CPU.ActiveCfg = Debug|Any CPU
		{836ABFCD-5CC8-4588-992B-66188DA83C10}.Debug|Any CPU.Build.0 = Debug|Any CPU
		{836ABFCD-5CC8-4588-992B-66188DA83C10}.Release|Any CPU.ActiveCfg = Release|Any CPU
		{836ABFCD-5CC8-4588-992B-66188DA83C10}.Release|Any CPU.Build.0 = Release|Any CPU
		{394DED7F-B840-4B1A-972F-A88B90870CA9}.Debug|Any CPU.ActiveCfg = Debug|Any CPU
		{394DED7F-B840-4B1A-972F-A88B90870CA9}.Debug|Any CPU.Build.0 = Debug|Any CPU
		{394DED7F-B840-4B1A-972F-A88B90870CA9}.Release|Any CPU.ActiveCfg = Release|Any CPU
		{394DED7F-B840-4B1A-972F-A88B90870CA9}.Release|Any CPU.Build.0 = Release|Any CPU
		{7BE3B30F-B0A9-44A9-A9BA-D1C4A92BD06D}.Debug|Any CPU.ActiveCfg = Debug|Any CPU
		{7BE3B30F-B0A9-44A9-A9BA-D1C4A92BD06D}.Debug|Any CPU.Build.0 = Debug|Any CPU
		{7BE3B30F-B0A9-44A9-A9BA-D1C4A92BD06D}.Release|Any CPU.ActiveCfg = Release|Any CPU
		{7BE3B30F-B0A9-44A9-A9BA-D1C4A92BD06D}.Release|Any CPU.Build.0 = Release|Any CPU
		{57082DE6-754B-4D1D-AB27-BFDD5747B1BC}.Debug|Any CPU.ActiveCfg = Debug|Any CPU
		{57082DE6-754B-4D1D-AB27-BFDD5747B1BC}.Debug|Any CPU.Build.0 = Debug|Any CPU
		{57082DE6-754B-4D1D-AB27-BFDD5747B1BC}.Release|Any CPU.ActiveCfg = Release|Any CPU
		{57082DE6-754B-4D1D-AB27-BFDD5747B1BC}.Release|Any CPU.Build.0 = Release|Any CPU
	EndGlobalSection
	GlobalSection(SolutionProperties) = preSolution
		HideSolutionNode = FALSE
	EndGlobalSection
	GlobalSection(NestedProjects) = preSolution
		{DEA7F4A9-5634-4DED-A73F-8FC4DBEE0DA4} = {FEB46486-9691-48C9-AE2D-E8BE1AA408BF}
		{836ABFCD-5CC8-4588-992B-66188DA83C10} = {FEB46486-9691-48C9-AE2D-E8BE1AA408BF}
		{394DED7F-B840-4B1A-972F-A88B90870CA9} = {6DF3CC07-7012-4EA3-9CFB-CE11256031C0}
		{7BE3B30F-B0A9-44A9-A9BA-D1C4A92BD06D} = {38178447-24C8-43C7-B803-D4406B718210}
		{57082DE6-754B-4D1D-AB27-BFDD5747B1BC} = {38178447-24C8-43C7-B803-D4406B718210}
	EndGlobalSection
	GlobalSection(ExtensibilityGlobals) = postSolution
		SolutionGuid = {F01B9B83-8A9F-4AC7-B162-49DAD5A44C86}
	EndGlobalSection
EndGlobal
